// !$*UTF8*$!
{
	archiveVersion = 1;
	classes = {
	};
	objectVersion = 50;
	objects = {

/* Begin PBXBuildFile section */
		D5755ACD22E305E200E0EEA4 /* AppDelegate.swift in Sources */ = {isa = PBXBuildFile; fileRef = D5755ACC22E305E200E0EEA4 /* AppDelegate.swift */; };
		D5755ACF22E305E200E0EEA4 /* ViewController.swift in Sources */ = {isa = PBXBuildFile; fileRef = D5755ACE22E305E200E0EEA4 /* ViewController.swift */; };
		D5755AD222E305E200E0EEA4 /* Main.storyboard in Resources */ = {isa = PBXBuildFile; fileRef = D5755AD022E305E200E0EEA4 /* Main.storyboard */; };
		D5755AD522E305E200E0EEA4 /* ImageUploader.xcdatamodeld in Sources */ = {isa = PBXBuildFile; fileRef = D5755AD322E305E200E0EEA4 /* ImageUploader.xcdatamodeld */; };
		D5755AD722E305E400E0EEA4 /* Assets.xcassets in Resources */ = {isa = PBXBuildFile; fileRef = D5755AD622E305E400E0EEA4 /* Assets.xcassets */; };
		D5755ADA22E305E400E0EEA4 /* LaunchScreen.storyboard in Resources */ = {isa = PBXBuildFile; fileRef = D5755AD822E305E400E0EEA4 /* LaunchScreen.storyboard */; };
		D5755AE522E305E400E0EEA4 /* ImageUploaderTests.swift in Sources */ = {isa = PBXBuildFile; fileRef = D5755AE422E305E400E0EEA4 /* ImageUploaderTests.swift */; };
		D5755AF522E3100500E0EEA4 /* ReactiveCocoa.framework in Frameworks */ = {isa = PBXBuildFile; fileRef = D5755AF322E3100500E0EEA4 /* ReactiveCocoa.framework */; };
		D5755AF622E3100500E0EEA4 /* ReactiveSwift.framework in Frameworks */ = {isa = PBXBuildFile; fileRef = D5755AF422E3100500E0EEA4 /* ReactiveSwift.framework */; };
		D5755AFB22E3106A00E0EEA4 /* FBSnapshotTestCase.framework in Frameworks */ = {isa = PBXBuildFile; fileRef = D5755AFA22E3106A00E0EEA4 /* FBSnapshotTestCase.framework */; };
		D5755AFC22E3106E00E0EEA4 /* ReactiveSwift.framework in Frameworks */ = {isa = PBXBuildFile; fileRef = D5755AF422E3100500E0EEA4 /* ReactiveSwift.framework */; };
		D5755AFE22E3108400E0EEA4 /* FBSnapshotTestCase.framework in Copy Carthage Frameworks */ = {isa = PBXBuildFile; fileRef = D5755AFA22E3106A00E0EEA4 /* FBSnapshotTestCase.framework */; settings = {ATTRIBUTES = (CodeSignOnCopy, RemoveHeadersOnCopy, ); }; };
		D5755B1D22E314AC00E0EEA4 /* ReactiveCocoa.framework in Embed Frameworks */ = {isa = PBXBuildFile; fileRef = D5755AF322E3100500E0EEA4 /* ReactiveCocoa.framework */; settings = {ATTRIBUTES = (CodeSignOnCopy, RemoveHeadersOnCopy, ); }; };
		D5755B1E22E314AC00E0EEA4 /* ReactiveSwift.framework in Embed Frameworks */ = {isa = PBXBuildFile; fileRef = D5755AF422E3100500E0EEA4 /* ReactiveSwift.framework */; settings = {ATTRIBUTES = (CodeSignOnCopy, RemoveHeadersOnCopy, ); }; };
		D5755B3022E3284400E0EEA4 /* FilesUploader.swift in Sources */ = {isa = PBXBuildFile; fileRef = D5755B2F22E3284400E0EEA4 /* FilesUploader.swift */; };
/* End PBXBuildFile section */

/* Begin PBXContainerItemProxy section */
		D5755AE122E305E400E0EEA4 /* PBXContainerItemProxy */ = {
			isa = PBXContainerItemProxy;
			containerPortal = D5755AC122E305E200E0EEA4 /* Project object */;
			proxyType = 1;
			remoteGlobalIDString = D5755AC822E305E200E0EEA4;
			remoteInfo = ImageUploader;
		};
/* End PBXContainerItemProxy section */

/* Begin PBXCopyFilesBuildPhase section */
		D5755AF722E3100900E0EEA4 /* Embed Frameworks */ = {
			isa = PBXCopyFilesBuildPhase;
			buildActionMask = 2147483647;
			dstPath = "";
			dstSubfolderSpec = 10;
			files = (
				D5755B1D22E314AC00E0EEA4 /* ReactiveCocoa.framework in Embed Frameworks */,
				D5755B1E22E314AC00E0EEA4 /* ReactiveSwift.framework in Embed Frameworks */,
			);
			name = "Embed Frameworks";
			runOnlyForDeploymentPostprocessing = 0;
		};
		D5755AFD22E3107C00E0EEA4 /* Copy Carthage Frameworks */ = {
			isa = PBXCopyFilesBuildPhase;
			buildActionMask = 2147483647;
			dstPath = "";
			dstSubfolderSpec = 10;
			files = (
				D5755AFE22E3108400E0EEA4 /* FBSnapshotTestCase.framework in Copy Carthage Frameworks */,
			);
			name = "Copy Carthage Frameworks";
			runOnlyForDeploymentPostprocessing = 0;
		};
/* End PBXCopyFilesBuildPhase section */

/* Begin PBXFileReference section */
		D5755AC922E305E200E0EEA4 /* ImageUploader.app */ = {isa = PBXFileReference; explicitFileType = wrapper.application; includeInIndex = 0; path = ImageUploader.app; sourceTree = BUILT_PRODUCTS_DIR; };
		D5755ACC22E305E200E0EEA4 /* AppDelegate.swift */ = {isa = PBXFileReference; lastKnownFileType = sourcecode.swift; path = AppDelegate.swift; sourceTree = "<group>"; };
		D5755ACE22E305E200E0EEA4 /* ViewController.swift */ = {isa = PBXFileReference; lastKnownFileType = sourcecode.swift; path = ViewController.swift; sourceTree = "<group>"; };
		D5755AD122E305E200E0EEA4 /* Base */ = {isa = PBXFileReference; lastKnownFileType = file.storyboard; name = Base; path = Base.lproj/Main.storyboard; sourceTree = "<group>"; };
		D5755AD422E305E200E0EEA4 /* ImageUploader.xcdatamodel */ = {isa = PBXFileReference; lastKnownFileType = wrapper.xcdatamodel; path = ImageUploader.xcdatamodel; sourceTree = "<group>"; };
		D5755AD622E305E400E0EEA4 /* Assets.xcassets */ = {isa = PBXFileReference; lastKnownFileType = folder.assetcatalog; path = Assets.xcassets; sourceTree = "<group>"; };
		D5755AD922E305E400E0EEA4 /* Base */ = {isa = PBXFileReference; lastKnownFileType = file.storyboard; name = Base; path = Base.lproj/LaunchScreen.storyboard; sourceTree = "<group>"; };
		D5755ADB22E305E400E0EEA4 /* Info.plist */ = {isa = PBXFileReference; lastKnownFileType = text.plist.xml; path = Info.plist; sourceTree = "<group>"; };
		D5755AE022E305E400E0EEA4 /* ImageUploaderTests.xctest */ = {isa = PBXFileReference; explicitFileType = wrapper.cfbundle; includeInIndex = 0; path = ImageUploaderTests.xctest; sourceTree = BUILT_PRODUCTS_DIR; };
		D5755AE422E305E400E0EEA4 /* ImageUploaderTests.swift */ = {isa = PBXFileReference; lastKnownFileType = sourcecode.swift; path = ImageUploaderTests.swift; sourceTree = "<group>"; };
		D5755AE622E305E400E0EEA4 /* Info.plist */ = {isa = PBXFileReference; lastKnownFileType = text.plist.xml; path = Info.plist; sourceTree = "<group>"; };
		D5755AF322E3100500E0EEA4 /* ReactiveCocoa.framework */ = {isa = PBXFileReference; lastKnownFileType = wrapper.framework; name = ReactiveCocoa.framework; path = Carthage/Build/iOS/ReactiveCocoa.framework; sourceTree = "<group>"; };
		D5755AF422E3100500E0EEA4 /* ReactiveSwift.framework */ = {isa = PBXFileReference; lastKnownFileType = wrapper.framework; name = ReactiveSwift.framework; path = Carthage/Build/iOS/ReactiveSwift.framework; sourceTree = "<group>"; };
		D5755AFA22E3106A00E0EEA4 /* FBSnapshotTestCase.framework */ = {isa = PBXFileReference; lastKnownFileType = wrapper.framework; name = FBSnapshotTestCase.framework; path = Carthage/Build/iOS/FBSnapshotTestCase.framework; sourceTree = "<group>"; };
		D5755B2F22E3284400E0EEA4 /* FilesUploader.swift */ = {isa = PBXFileReference; lastKnownFileType = sourcecode.swift; path = FilesUploader.swift; sourceTree = "<group>"; };
/* End PBXFileReference section */

/* Begin PBXFrameworksBuildPhase section */
		D5755AC622E305E200E0EEA4 /* Frameworks */ = {
			isa = PBXFrameworksBuildPhase;
			buildActionMask = 2147483647;
			files = (
				D5755AF522E3100500E0EEA4 /* ReactiveCocoa.framework in Frameworks */,
				D5755AF622E3100500E0EEA4 /* ReactiveSwift.framework in Frameworks */,
			);
			runOnlyForDeploymentPostprocessing = 0;
		};
		D5755ADD22E305E400E0EEA4 /* Frameworks */ = {
			isa = PBXFrameworksBuildPhase;
			buildActionMask = 2147483647;
			files = (
				D5755AFB22E3106A00E0EEA4 /* FBSnapshotTestCase.framework in Frameworks */,
				D5755AFC22E3106E00E0EEA4 /* ReactiveSwift.framework in Frameworks */,
			);
			runOnlyForDeploymentPostprocessing = 0;
		};
/* End PBXFrameworksBuildPhase section */

/* Begin PBXGroup section */
		D5755AC022E305E200E0EEA4 = {
			isa = PBXGroup;
			children = (
				D5755ACB22E305E200E0EEA4 /* ImageUploader */,
				D5755AE322E305E400E0EEA4 /* ImageUploaderTests */,
				D5755ACA22E305E200E0EEA4 /* Products */,
				D5755AF222E3100500E0EEA4 /* Frameworks */,
			);
			sourceTree = "<group>";
		};
		D5755ACA22E305E200E0EEA4 /* Products */ = {
			isa = PBXGroup;
			children = (
				D5755AC922E305E200E0EEA4 /* ImageUploader.app */,
				D5755AE022E305E400E0EEA4 /* ImageUploaderTests.xctest */,
			);
			name = Products;
			sourceTree = "<group>";
		};
		D5755ACB22E305E200E0EEA4 /* ImageUploader */ = {
			isa = PBXGroup;
			children = (
				D5755B2E22E3283100E0EEA4 /* FileUploader */,
				D5755ACC22E305E200E0EEA4 /* AppDelegate.swift */,
				D5755ACE22E305E200E0EEA4 /* ViewController.swift */,
				D5755AD022E305E200E0EEA4 /* Main.storyboard */,
				D5755AD622E305E400E0EEA4 /* Assets.xcassets */,
				D5755AD822E305E400E0EEA4 /* LaunchScreen.storyboard */,
				D5755ADB22E305E400E0EEA4 /* Info.plist */,
				D5755AD322E305E200E0EEA4 /* ImageUploader.xcdatamodeld */,
			);
			path = ImageUploader;
			sourceTree = "<group>";
		};
		D5755AE322E305E400E0EEA4 /* ImageUploaderTests */ = {
			isa = PBXGroup;
			children = (
				D5755AE422E305E400E0EEA4 /* ImageUploaderTests.swift */,
				D5755AE622E305E400E0EEA4 /* Info.plist */,
			);
			path = ImageUploaderTests;
			sourceTree = "<group>";
		};
		D5755AF222E3100500E0EEA4 /* Frameworks */ = {
			isa = PBXGroup;
			children = (
				D5755AFA22E3106A00E0EEA4 /* FBSnapshotTestCase.framework */,
				D5755AF322E3100500E0EEA4 /* ReactiveCocoa.framework */,
				D5755AF422E3100500E0EEA4 /* ReactiveSwift.framework */,
			);
			name = Frameworks;
			sourceTree = "<group>";
		};
		D5755B2E22E3283100E0EEA4 /* FileUploader */ = {
			isa = PBXGroup;
			children = (
				D5755B2F22E3284400E0EEA4 /* FilesUploader.swift */,
			);
			path = FileUploader;
			sourceTree = "<group>";
		};
/* End PBXGroup section */

/* Begin PBXNativeTarget section */
		D5755AC822E305E200E0EEA4 /* ImageUploader */ = {
			isa = PBXNativeTarget;
			buildConfigurationList = D5755AE922E305E400E0EEA4 /* Build configuration list for PBXNativeTarget "ImageUploader" */;
			buildPhases = (
				D5755AC522E305E200E0EEA4 /* Sources */,
				D5755AC622E305E200E0EEA4 /* Frameworks */,
				D5755AC722E305E200E0EEA4 /* Resources */,
				D5755AF122E30B8E00E0EEA4 /* Run Swiftlint */,
				D5755AF722E3100900E0EEA4 /* Embed Frameworks */,
			);
			buildRules = (
			);
			dependencies = (
			);
			name = ImageUploader;
			productName = ImageUploader;
			productReference = D5755AC922E305E200E0EEA4 /* ImageUploader.app */;
			productType = "com.apple.product-type.application";
		};
		D5755ADF22E305E400E0EEA4 /* ImageUploaderTests */ = {
			isa = PBXNativeTarget;
			buildConfigurationList = D5755AEC22E305E400E0EEA4 /* Build configuration list for PBXNativeTarget "ImageUploaderTests" */;
			buildPhases = (
				D5755ADC22E305E400E0EEA4 /* Sources */,
				D5755ADD22E305E400E0EEA4 /* Frameworks */,
				D5755ADE22E305E400E0EEA4 /* Resources */,
				D5755AFD22E3107C00E0EEA4 /* Copy Carthage Frameworks */,
			);
			buildRules = (
			);
			dependencies = (
				D5755AE222E305E400E0EEA4 /* PBXTargetDependency */,
			);
			name = ImageUploaderTests;
			productName = ImageUploaderTests;
			productReference = D5755AE022E305E400E0EEA4 /* ImageUploaderTests.xctest */;
			productType = "com.apple.product-type.bundle.unit-test";
		};
/* End PBXNativeTarget section */

/* Begin PBXProject section */
		D5755AC122E305E200E0EEA4 /* Project object */ = {
			isa = PBXProject;
			attributes = {
				LastSwiftUpdateCheck = 1020;
				LastUpgradeCheck = 1020;
				ORGANIZATIONNAME = "Spark Network";
				TargetAttributes = {
					D5755AC822E305E200E0EEA4 = {
						CreatedOnToolsVersion = 10.2.1;
						SystemCapabilities = {
							com.apple.BackgroundModes = {
								enabled = 1;
							};
						};
					};
					D5755ADF22E305E400E0EEA4 = {
						CreatedOnToolsVersion = 10.2.1;
						TestTargetID = D5755AC822E305E200E0EEA4;
					};
				};
			};
			buildConfigurationList = D5755AC422E305E200E0EEA4 /* Build configuration list for PBXProject "ImageUploader" */;
			compatibilityVersion = "Xcode 9.3";
			developmentRegion = en;
			hasScannedForEncodings = 0;
			knownRegions = (
				en,
				Base,
			);
			mainGroup = D5755AC022E305E200E0EEA4;
			productRefGroup = D5755ACA22E305E200E0EEA4 /* Products */;
			projectDirPath = "";
			projectRoot = "";
			targets = (
				D5755AC822E305E200E0EEA4 /* ImageUploader */,
				D5755ADF22E305E400E0EEA4 /* ImageUploaderTests */,
			);
		};
/* End PBXProject section */

/* Begin PBXResourcesBuildPhase section */
		D5755AC722E305E200E0EEA4 /* Resources */ = {
			isa = PBXResourcesBuildPhase;
			buildActionMask = 2147483647;
			files = (
				D5755ADA22E305E400E0EEA4 /* LaunchScreen.storyboard in Resources */,
				D5755AD722E305E400E0EEA4 /* Assets.xcassets in Resources */,
				D5755AD222E305E200E0EEA4 /* Main.storyboard in Resources */,
			);
			runOnlyForDeploymentPostprocessing = 0;
		};
		D5755ADE22E305E400E0EEA4 /* Resources */ = {
			isa = PBXResourcesBuildPhase;
			buildActionMask = 2147483647;
			files = (
			);
			runOnlyForDeploymentPostprocessing = 0;
		};
/* End PBXResourcesBuildPhase section */

/* Begin PBXShellScriptBuildPhase section */
		D5755AF122E30B8E00E0EEA4 /* Run Swiftlint */ = {
			isa = PBXShellScriptBuildPhase;
			buildActionMask = 2147483647;
			files = (
			);
			inputFileListPaths = (
			);
			inputPaths = (
			);
			name = "Run Swiftlint";
			outputFileListPaths = (
			);
			outputPaths = (
			);
			runOnlyForDeploymentPostprocessing = 0;
			shellPath = /bin/sh;
			shellScript = "if which swiftlint >/dev/null; then\nswiftlint\nelse\necho \"warning: SwiftLint not installed, download from https://github.com/realm/SwiftLint\"\nfi\n";
		};
/* End PBXShellScriptBuildPhase section */

/* Begin PBXSourcesBuildPhase section */
		D5755AC522E305E200E0EEA4 /* Sources */ = {
			isa = PBXSourcesBuildPhase;
			buildActionMask = 2147483647;
			files = (
				D5755ACF22E305E200E0EEA4 /* ViewController.swift in Sources */,
				D5755B3022E3284400E0EEA4 /* FilesUploader.swift in Sources */,
				D5755ACD22E305E200E0EEA4 /* AppDelegate.swift in Sources */,
				D5755AD522E305E200E0EEA4 /* ImageUploader.xcdatamodeld in Sources */,
			);
			runOnlyForDeploymentPostprocessing = 0;
		};
		D5755ADC22E305E400E0EEA4 /* Sources */ = {
			isa = PBXSourcesBuildPhase;
			buildActionMask = 2147483647;
			files = (
				D5755AE522E305E400E0EEA4 /* ImageUploaderTests.swift in Sources */,
			);
			runOnlyForDeploymentPostprocessing = 0;
		};
/* End PBXSourcesBuildPhase section */

/* Begin PBXTargetDependency section */
		D5755AE222E305E400E0EEA4 /* PBXTargetDependency */ = {
			isa = PBXTargetDependency;
			target = D5755AC822E305E200E0EEA4 /* ImageUploader */;
			targetProxy = D5755AE122E305E400E0EEA4 /* PBXContainerItemProxy */;
		};
/* End PBXTargetDependency section */

/* Begin PBXVariantGroup section */
		D5755AD022E305E200E0EEA4 /* Main.storyboard */ = {
			isa = PBXVariantGroup;
			children = (
				D5755AD122E305E200E0EEA4 /* Base */,
			);
			name = Main.storyboard;
			sourceTree = "<group>";
		};
		D5755AD822E305E400E0EEA4 /* LaunchScreen.storyboard */ = {
			isa = PBXVariantGroup;
			children = (
				D5755AD922E305E400E0EEA4 /* Base */,
			);
			name = LaunchScreen.storyboard;
			sourceTree = "<group>";
		};
/* End PBXVariantGroup section */

/* Begin XCBuildConfiguration section */
		D5755AE722E305E400E0EEA4 /* Debug */ = {
			isa = XCBuildConfiguration;
			buildSettings = {
				ALWAYS_SEARCH_USER_PATHS = NO;
				CLANG_ANALYZER_NONNULL = YES;
				CLANG_ANALYZER_NUMBER_OBJECT_CONVERSION = YES_AGGRESSIVE;
				CLANG_CXX_LANGUAGE_STANDARD = "gnu++14";
				CLANG_CXX_LIBRARY = "libc++";
				CLANG_ENABLE_MODULES = YES;
				CLANG_ENABLE_OBJC_ARC = YES;
				CLANG_ENABLE_OBJC_WEAK = YES;
				CLANG_WARN_BLOCK_CAPTURE_AUTORELEASING = YES;
				CLANG_WARN_BOOL_CONVERSION = YES;
				CLANG_WARN_COMMA = YES;
				CLANG_WARN_CONSTANT_CONVERSION = YES;
				CLANG_WARN_DEPRECATED_OBJC_IMPLEMENTATIONS = YES;
				CLANG_WARN_DIRECT_OBJC_ISA_USAGE = YES_ERROR;
				CLANG_WARN_DOCUMENTATION_COMMENTS = YES;
				CLANG_WARN_EMPTY_BODY = YES;
				CLANG_WARN_ENUM_CONVERSION = YES;
				CLANG_WARN_INFINITE_RECURSION = YES;
				CLANG_WARN_INT_CONVERSION = YES;
				CLANG_WARN_NON_LITERAL_NULL_CONVERSION = YES;
				CLANG_WARN_OBJC_IMPLICIT_RETAIN_SELF = YES;
				CLANG_WARN_OBJC_LITERAL_CONVERSION = YES;
				CLANG_WARN_OBJC_ROOT_CLASS = YES_ERROR;
				CLANG_WARN_RANGE_LOOP_ANALYSIS = YES;
				CLANG_WARN_STRICT_PROTOTYPES = YES;
				CLANG_WARN_SUSPICIOUS_MOVE = YES;
				CLANG_WARN_UNGUARDED_AVAILABILITY = YES_AGGRESSIVE;
				CLANG_WARN_UNREACHABLE_CODE = YES;
				CLANG_WARN__DUPLICATE_METHOD_MATCH = YES;
				CODE_SIGN_IDENTITY = "iPhone Developer";
				COPY_PHASE_STRIP = NO;
				DEBUG_INFORMATION_FORMAT = dwarf;
				ENABLE_STRICT_OBJC_MSGSEND = YES;
				ENABLE_TESTABILITY = YES;
				GCC_C_LANGUAGE_STANDARD = gnu11;
				GCC_DYNAMIC_NO_PIC = NO;
				GCC_NO_COMMON_BLOCKS = YES;
				GCC_OPTIMIZATION_LEVEL = 0;
				GCC_PREPROCESSOR_DEFINITIONS = (
					"DEBUG=1",
					"$(inherited)",
				);
				GCC_WARN_64_TO_32_BIT_CONVERSION = YES;
				GCC_WARN_ABOUT_RETURN_TYPE = YES_ERROR;
				GCC_WARN_UNDECLARED_SELECTOR = YES;
				GCC_WARN_UNINITIALIZED_AUTOS = YES_AGGRESSIVE;
				GCC_WARN_UNUSED_FUNCTION = YES;
				GCC_WARN_UNUSED_VARIABLE = YES;
				IPHONEOS_DEPLOYMENT_TARGET = 12.2;
				MTL_ENABLE_DEBUG_INFO = INCLUDE_SOURCE;
				MTL_FAST_MATH = YES;
				ONLY_ACTIVE_ARCH = YES;
				SDKROOT = iphoneos;
				SWIFT_ACTIVE_COMPILATION_CONDITIONS = DEBUG;
				SWIFT_OPTIMIZATION_LEVEL = "-Onone";
			};
			name = Debug;
		};
		D5755AE822E305E400E0EEA4 /* Release */ = {
			isa = XCBuildConfiguration;
			buildSettings = {
				ALWAYS_SEARCH_USER_PATHS = NO;
				CLANG_ANALYZER_NONNULL = YES;
				CLANG_ANALYZER_NUMBER_OBJECT_CONVERSION = YES_AGGRESSIVE;
				CLANG_CXX_LANGUAGE_STANDARD = "gnu++14";
				CLANG_CXX_LIBRARY = "libc++";
				CLANG_ENABLE_MODULES = YES;
				CLANG_ENABLE_OBJC_ARC = YES;
				CLANG_ENABLE_OBJC_WEAK = YES;
				CLANG_WARN_BLOCK_CAPTURE_AUTORELEASING = YES;
				CLANG_WARN_BOOL_CONVERSION = YES;
				CLANG_WARN_COMMA = YES;
				CLANG_WARN_CONSTANT_CONVERSION = YES;
				CLANG_WARN_DEPRECATED_OBJC_IMPLEMENTATIONS = YES;
				CLANG_WARN_DIRECT_OBJC_ISA_USAGE = YES_ERROR;
				CLANG_WARN_DOCUMENTATION_COMMENTS = YES;
				CLANG_WARN_EMPTY_BODY = YES;
				CLANG_WARN_ENUM_CONVERSION = YES;
				CLANG_WARN_INFINITE_RECURSION = YES;
				CLANG_WARN_INT_CONVERSION = YES;
				CLANG_WARN_NON_LITERAL_NULL_CONVERSION = YES;
				CLANG_WARN_OBJC_IMPLICIT_RETAIN_SELF = YES;
				CLANG_WARN_OBJC_LITERAL_CONVERSION = YES;
				CLANG_WARN_OBJC_ROOT_CLASS = YES_ERROR;
				CLANG_WARN_RANGE_LOOP_ANALYSIS = YES;
				CLANG_WARN_STRICT_PROTOTYPES = YES;
				CLANG_WARN_SUSPICIOUS_MOVE = YES;
				CLANG_WARN_UNGUARDED_AVAILABILITY = YES_AGGRESSIVE;
				CLANG_WARN_UNREACHABLE_CODE = YES;
				CLANG_WARN__DUPLICATE_METHOD_MATCH = YES;
				CODE_SIGN_IDENTITY = "iPhone Developer";
				COPY_PHASE_STRIP = NO;
				DEBUG_INFORMATION_FORMAT = "dwarf-with-dsym";
				ENABLE_NS_ASSERTIONS = NO;
				ENABLE_STRICT_OBJC_MSGSEND = YES;
				GCC_C_LANGUAGE_STANDARD = gnu11;
				GCC_NO_COMMON_BLOCKS = YES;
				GCC_WARN_64_TO_32_BIT_CONVERSION = YES;
				GCC_WARN_ABOUT_RETURN_TYPE = YES_ERROR;
				GCC_WARN_UNDECLARED_SELECTOR = YES;
				GCC_WARN_UNINITIALIZED_AUTOS = YES_AGGRESSIVE;
				GCC_WARN_UNUSED_FUNCTION = YES;
				GCC_WARN_UNUSED_VARIABLE = YES;
				IPHONEOS_DEPLOYMENT_TARGET = 12.2;
				MTL_ENABLE_DEBUG_INFO = NO;
				MTL_FAST_MATH = YES;
				SDKROOT = iphoneos;
				SWIFT_COMPILATION_MODE = wholemodule;
				SWIFT_OPTIMIZATION_LEVEL = "-O";
				VALIDATE_PRODUCT = YES;
			};
			name = Release;
		};
		D5755AEA22E305E400E0EEA4 /* Debug */ = {
			isa = XCBuildConfiguration;
			buildSettings = {
				ASSETCATALOG_COMPILER_APPICON_NAME = AppIcon;
				CODE_SIGN_STYLE = Automatic;
				FRAMEWORK_SEARCH_PATHS = (
					"$(inherited)",
					"$(PROJECT_DIR)/Carthage/Build/iOS",
					"$(PROJECT_DIR)",
				);
				INFOPLIST_FILE = ImageUploader/Info.plist;
				LD_RUNPATH_SEARCH_PATHS = (
					"$(inherited)",
					"@executable_path/Frameworks",
				);
				PRODUCT_BUNDLE_IDENTIFIER = "Spark-Network.ImageUploader";
				PRODUCT_NAME = "$(TARGET_NAME)";
				SWIFT_VERSION = 5.0;
				TARGETED_DEVICE_FAMILY = "1,2";
			};
			name = Debug;
		};
		D5755AEB22E305E400E0EEA4 /* Release */ = {
			isa = XCBuildConfiguration;
			buildSettings = {
				ASSETCATALOG_COMPILER_APPICON_NAME = AppIcon;
				CODE_SIGN_STYLE = Automatic;
				FRAMEWORK_SEARCH_PATHS = (
					"$(inherited)",
					"$(PROJECT_DIR)/Carthage/Build/iOS",
					"$(PROJECT_DIR)",
				);
				INFOPLIST_FILE = ImageUploader/Info.plist;
				LD_RUNPATH_SEARCH_PATHS = (
					"$(inherited)",
					"@executable_path/Frameworks",
				);
				PRODUCT_BUNDLE_IDENTIFIER = "Spark-Network.ImageUploader";
				PRODUCT_NAME = "$(TARGET_NAME)";
				SWIFT_VERSION = 5.0;
				TARGETED_DEVICE_FAMILY = "1,2";
			};
			name = Release;
		};
		D5755AED22E305E400E0EEA4 /* Debug */ = {
			isa = XCBuildConfiguration;
			buildSettings = {
				ALWAYS_EMBED_SWIFT_STANDARD_LIBRARIES = YES;
				BUNDLE_LOADER = "$(TEST_HOST)";
				CODE_SIGN_STYLE = Automatic;
				FRAMEWORK_SEARCH_PATHS = (
					"$(inherited)",
					"$(PROJECT_DIR)/Carthage/Build/iOS",
					"$(PROJECT_DIR)",
				);
				INFOPLIST_FILE = ImageUploaderTests/Info.plist;
				LD_RUNPATH_SEARCH_PATHS = (
					"$(inherited)",
					"@executable_path/Frameworks",
					"@loader_path/Frameworks",
				);
				PRODUCT_BUNDLE_IDENTIFIER = "Spark-Network.ImageUploaderTests";
				PRODUCT_NAME = "$(TARGET_NAME)";
				SWIFT_VERSION = 5.0;
				TARGETED_DEVICE_FAMILY = "1,2";
				TEST_HOST = "$(BUILT_PRODUCTS_DIR)/ImageUploader.app/ImageUploader";
			};
			name = Debug;
		};
		D5755AEE22E305E400E0EEA4 /* Release */ = {
			isa = XCBuildConfiguration;
			buildSettings = {
				ALWAYS_EMBED_SWIFT_STANDARD_LIBRARIES = YES;
				BUNDLE_LOADER = "$(TEST_HOST)";
				CODE_SIGN_STYLE = Automatic;
				FRAMEWORK_SEARCH_PATHS = (
					"$(inherited)",
					"$(PROJECT_DIR)/Carthage/Build/iOS",
					"$(PROJECT_DIR)",
				);
				INFOPLIST_FILE = ImageUploaderTests/Info.plist;
				LD_RUNPATH_SEARCH_PATHS = (
					"$(inherited)",
					"@executable_path/Frameworks",
					"@loader_path/Frameworks",
				);
				PRODUCT_BUNDLE_IDENTIFIER = "Spark-Network.ImageUploaderTests";
				PRODUCT_NAME = "$(TARGET_NAME)";
				SWIFT_VERSION = 5.0;
				TARGETED_DEVICE_FAMILY = "1,2";
				TEST_HOST = "$(BUILT_PRODUCTS_DIR)/ImageUploader.app/ImageUploader";
			};
			name = Release;
		};
/* End XCBuildConfiguration section */

/* Begin XCConfigurationList section */
		D5755AC422E305E200E0EEA4 /* Build configuration list for PBXProject "ImageUploader" */ = {
			isa = XCConfigurationList;
			buildConfigurations = (
				D5755AE722E305E400E0EEA4 /* Debug */,
				D5755AE822E305E400E0EEA4 /* Release */,
			);
			defaultConfigurationIsVisible = 0;
			defaultConfigurationName = Release;
		};
		D5755AE922E305E400E0EEA4 /* Build configuration list for PBXNativeTarget "ImageUploader" */ = {
			isa = XCConfigurationList;
			buildConfigurations = (
				D5755AEA22E305E400E0EEA4 /* Debug */,
				D5755AEB22E305E400E0EEA4 /* Release */,
			);
			defaultConfigurationIsVisible = 0;
			defaultConfigurationName = Release;
		};
		D5755AEC22E305E400E0EEA4 /* Build configuration list for PBXNativeTarget "ImageUploaderTests" */ = {
			isa = XCConfigurationList;
			buildConfigurations = (
				D5755AED22E305E400E0EEA4 /* Debug */,
				D5755AEE22E305E400E0EEA4 /* Release */,
			);
			defaultConfigurationIsVisible = 0;
			defaultConfigurationName = Release;
		};
/* End XCConfigurationList section */

/* Begin XCVersionGroup section */
		D5755AD322E305E200E0EEA4 /* ImageUploader.xcdatamodeld */ = {
			isa = XCVersionGroup;
			children = (
				D5755AD422E305E200E0EEA4 /* ImageUploader.xcdatamodel */,
			);
			currentVersion = D5755AD422E305E200E0EEA4 /* ImageUploader.xcdatamodel */;
			path = ImageUploader.xcdatamodeld;
			sourceTree = "<group>";
			versionGroupType = wrapper.xcdatamodel;
		};
/* End XCVersionGroup section */
	};
	rootObject = D5755AC122E305E200E0EEA4 /* Project object */;
}
